
Microsoft Visual Studio Solution File, Format Version 12.00
# Visual Studio Version 17
VisualStudioVersion = 17.1.32328.378
MinimumVisualStudioVersion = 10.0.40219.1
Project("{FAE04EC0-301F-11D3-BF4B-00C04F79EFBC}") = "606.Tablice", "606.Tablice.csproj", "{94336DC7-221F-4206-89E7-9BBF5910B244}"
EndProject
Global
	GlobalSection(SolutionConfigurationPlatforms) = preSolution
		Debug|Any CPU = Debug|Any CPU
		Release|Any CPU = Release|Any CPU
	EndGlobalSection
	GlobalSection(ProjectConfigurationPlatforms) = postSolution
		{94336DC7-221F-4206-89E7-9BBF5910B244}.Debug|Any CPU.ActiveCfg = Debug|Any CPU
		{94336DC7-221F-4206-89E7-9BBF5910B244}.Debug|Any CPU.Build.0 = Debug|Any CPU
		{94336DC7-221F-4206-89E7-9BBF5910B244}.Release|Any CPU.ActiveCfg = Release|Any CPU
		{94336DC7-221F-4206-89E7-9BBF5910B244}.Release|Any CPU.Build.0 = Release|Any CPU
	EndGlobalSection
	GlobalSection(SolutionProperties) = preSolution
		HideSolutionNode = FALSE
	EndGlobalSection
	GlobalSection(ExtensibilityGlobals) = postSolution
		SolutionGuid = {41BF2B75-A8DB-4D78-9E51-A821DC1339C6}
	EndGlobalSection
EndGlobal
