
Microsoft Visual Studio Solution File, Format Version 12.00
# Visual Studio Version 17
VisualStudioVersion = 17.1.32328.378
MinimumVisualStudioVersion = 10.0.40219.1
Project("{FAE04EC0-301F-11D3-BF4B-00C04F79EFBC}") = "1035.Test 3", "1035.Test 3.csproj", "{2DCDBE14-BA37-461F-8A29-8AD1B91E2B78}"
EndProject
Global
	GlobalSection(SolutionConfigurationPlatforms) = preSolution
		Debug|Any CPU = Debug|Any CPU
		Release|Any CPU = Release|Any CPU
	EndGlobalSection
	GlobalSection(ProjectConfigurationPlatforms) = postSolution
		{2DCDBE14-BA37-461F-8A29-8AD1B91E2B78}.Debug|Any CPU.ActiveCfg = Debug|Any CPU
		{2DCDBE14-BA37-461F-8A29-8AD1B91E2B78}.Debug|Any CPU.Build.0 = Debug|Any CPU
		{2DCDBE14-BA37-461F-8A29-8AD1B91E2B78}.Release|Any CPU.ActiveCfg = Release|Any CPU
		{2DCDBE14-BA37-461F-8A29-8AD1B91E2B78}.Release|Any CPU.Build.0 = Release|Any CPU
	EndGlobalSection
	GlobalSection(SolutionProperties) = preSolution
		HideSolutionNode = FALSE
	EndGlobalSection
	GlobalSection(ExtensibilityGlobals) = postSolution
		SolutionGuid = {AAC8D347-FD5D-44DA-91EB-9DDE707F5AF7}
	EndGlobalSection
EndGlobal
