
Microsoft Visual Studio Solution File, Format Version 12.00
# Visual Studio Version 17
VisualStudioVersion = 17.1.32328.378
MinimumVisualStudioVersion = 10.0.40219.1
Project("{FAE04EC0-301F-11D3-BF4B-00C04F79EFBC}") = "1145.Imieniny", "1145.Imieniny.csproj", "{370966C7-5496-4514-A096-1AD85BD55A9F}"
EndProject
Global
	GlobalSection(SolutionConfigurationPlatforms) = preSolution
		Debug|Any CPU = Debug|Any CPU
		Release|Any CPU = Release|Any CPU
	EndGlobalSection
	GlobalSection(ProjectConfigurationPlatforms) = postSolution
		{370966C7-5496-4514-A096-1AD85BD55A9F}.Debug|Any CPU.ActiveCfg = Debug|Any CPU
		{370966C7-5496-4514-A096-1AD85BD55A9F}.Debug|Any CPU.Build.0 = Debug|Any CPU
		{370966C7-5496-4514-A096-1AD85BD55A9F}.Release|Any CPU.ActiveCfg = Release|Any CPU
		{370966C7-5496-4514-A096-1AD85BD55A9F}.Release|Any CPU.Build.0 = Release|Any CPU
	EndGlobalSection
	GlobalSection(SolutionProperties) = preSolution
		HideSolutionNode = FALSE
	EndGlobalSection
	GlobalSection(ExtensibilityGlobals) = postSolution
		SolutionGuid = {8906C121-B9A2-47AB-B210-C690A68DACD8}
	EndGlobalSection
EndGlobal
