
Microsoft Visual Studio Solution File, Format Version 12.00
# Visual Studio Version 17
VisualStudioVersion = 17.1.32328.378
MinimumVisualStudioVersion = 10.0.40219.1
Project("{FAE04EC0-301F-11D3-BF4B-00C04F79EFBC}") = "978.Stos", "978.Stos.csproj", "{35B48E4F-4C46-4FEF-8968-D08E3570D9C4}"
EndProject
Global
	GlobalSection(SolutionConfigurationPlatforms) = preSolution
		Debug|Any CPU = Debug|Any CPU
		Release|Any CPU = Release|Any CPU
	EndGlobalSection
	GlobalSection(ProjectConfigurationPlatforms) = postSolution
		{35B48E4F-4C46-4FEF-8968-D08E3570D9C4}.Debug|Any CPU.ActiveCfg = Debug|Any CPU
		{35B48E4F-4C46-4FEF-8968-D08E3570D9C4}.Debug|Any CPU.Build.0 = Debug|Any CPU
		{35B48E4F-4C46-4FEF-8968-D08E3570D9C4}.Release|Any CPU.ActiveCfg = Release|Any CPU
		{35B48E4F-4C46-4FEF-8968-D08E3570D9C4}.Release|Any CPU.Build.0 = Release|Any CPU
	EndGlobalSection
	GlobalSection(SolutionProperties) = preSolution
		HideSolutionNode = FALSE
	EndGlobalSection
	GlobalSection(ExtensibilityGlobals) = postSolution
		SolutionGuid = {50473D77-10A1-4345-8FD3-9C8CC6A6B1D7}
	EndGlobalSection
EndGlobal
