
Microsoft Visual Studio Solution File, Format Version 12.00
# Visual Studio Version 17
VisualStudioVersion = 17.1.32328.378
MinimumVisualStudioVersion = 10.0.40219.1
Project("{FAE04EC0-301F-11D3-BF4B-00C04F79EFBC}") = "626.Obzartuchy", "626.Obzartuchy.csproj", "{BB28558C-2BF5-432D-8790-89F192A0EE69}"
EndProject
Global
	GlobalSection(SolutionConfigurationPlatforms) = preSolution
		Debug|Any CPU = Debug|Any CPU
		Release|Any CPU = Release|Any CPU
	EndGlobalSection
	GlobalSection(ProjectConfigurationPlatforms) = postSolution
		{BB28558C-2BF5-432D-8790-89F192A0EE69}.Debug|Any CPU.ActiveCfg = Debug|Any CPU
		{BB28558C-2BF5-432D-8790-89F192A0EE69}.Debug|Any CPU.Build.0 = Debug|Any CPU
		{BB28558C-2BF5-432D-8790-89F192A0EE69}.Release|Any CPU.ActiveCfg = Release|Any CPU
		{BB28558C-2BF5-432D-8790-89F192A0EE69}.Release|Any CPU.Build.0 = Release|Any CPU
	EndGlobalSection
	GlobalSection(SolutionProperties) = preSolution
		HideSolutionNode = FALSE
	EndGlobalSection
	GlobalSection(ExtensibilityGlobals) = postSolution
		SolutionGuid = {536F92C2-9996-465F-9B68-27EDAB2CDEE0}
	EndGlobalSection
EndGlobal
