
Microsoft Visual Studio Solution File, Format Version 12.00
# Visual Studio Version 17
VisualStudioVersion = 17.1.32328.378
MinimumVisualStudioVersion = 10.0.40219.1
Project("{FAE04EC0-301F-11D3-BF4B-00C04F79EFBC}") = "6441.Prostokąty.XIWTPZA", "6441.Prostokąty.XIWTPZA.csproj", "{E1F641B0-F24B-4258-B814-1700D4C29AAB}"
EndProject
Global
	GlobalSection(SolutionConfigurationPlatforms) = preSolution
		Debug|Any CPU = Debug|Any CPU
		Release|Any CPU = Release|Any CPU
	EndGlobalSection
	GlobalSection(ProjectConfigurationPlatforms) = postSolution
		{E1F641B0-F24B-4258-B814-1700D4C29AAB}.Debug|Any CPU.ActiveCfg = Debug|Any CPU
		{E1F641B0-F24B-4258-B814-1700D4C29AAB}.Debug|Any CPU.Build.0 = Debug|Any CPU
		{E1F641B0-F24B-4258-B814-1700D4C29AAB}.Release|Any CPU.ActiveCfg = Release|Any CPU
		{E1F641B0-F24B-4258-B814-1700D4C29AAB}.Release|Any CPU.Build.0 = Release|Any CPU
	EndGlobalSection
	GlobalSection(SolutionProperties) = preSolution
		HideSolutionNode = FALSE
	EndGlobalSection
	GlobalSection(ExtensibilityGlobals) = postSolution
		SolutionGuid = {D8B86B6A-7F6D-4C94-8993-B4DA52A31297}
	EndGlobalSection
EndGlobal
