
Microsoft Visual Studio Solution File, Format Version 12.00
# Visual Studio Version 17
VisualStudioVersion = 17.1.32328.378
MinimumVisualStudioVersion = 10.0.40219.1
Project("{FAE04EC0-301F-11D3-BF4B-00C04F79EFBC}") = "675.SkarbFinder", "675.SkarbFinder.csproj", "{8AC875B3-EB7A-41B3-AF58-7EDE5D70F011}"
EndProject
Global
	GlobalSection(SolutionConfigurationPlatforms) = preSolution
		Debug|Any CPU = Debug|Any CPU
		Release|Any CPU = Release|Any CPU
	EndGlobalSection
	GlobalSection(ProjectConfigurationPlatforms) = postSolution
		{8AC875B3-EB7A-41B3-AF58-7EDE5D70F011}.Debug|Any CPU.ActiveCfg = Debug|Any CPU
		{8AC875B3-EB7A-41B3-AF58-7EDE5D70F011}.Debug|Any CPU.Build.0 = Debug|Any CPU
		{8AC875B3-EB7A-41B3-AF58-7EDE5D70F011}.Release|Any CPU.ActiveCfg = Release|Any CPU
		{8AC875B3-EB7A-41B3-AF58-7EDE5D70F011}.Release|Any CPU.Build.0 = Release|Any CPU
	EndGlobalSection
	GlobalSection(SolutionProperties) = preSolution
		HideSolutionNode = FALSE
	EndGlobalSection
	GlobalSection(ExtensibilityGlobals) = postSolution
		SolutionGuid = {64B6D698-3AB1-4244-B5EC-36C16E06DF72}
	EndGlobalSection
EndGlobal
