
Microsoft Visual Studio Solution File, Format Version 12.00
# Visual Studio Version 17
VisualStudioVersion = 17.1.32328.378
MinimumVisualStudioVersion = 10.0.40219.1
Project("{FAE04EC0-301F-11D3-BF4B-00C04F79EFBC}") = "708.Problem Collatza", "708.Problem Collatza.csproj", "{B27E4799-504C-4554-BEF9-83F3BADC9D32}"
EndProject
Global
	GlobalSection(SolutionConfigurationPlatforms) = preSolution
		Debug|Any CPU = Debug|Any CPU
		Release|Any CPU = Release|Any CPU
	EndGlobalSection
	GlobalSection(ProjectConfigurationPlatforms) = postSolution
		{B27E4799-504C-4554-BEF9-83F3BADC9D32}.Debug|Any CPU.ActiveCfg = Debug|Any CPU
		{B27E4799-504C-4554-BEF9-83F3BADC9D32}.Debug|Any CPU.Build.0 = Debug|Any CPU
		{B27E4799-504C-4554-BEF9-83F3BADC9D32}.Release|Any CPU.ActiveCfg = Release|Any CPU
		{B27E4799-504C-4554-BEF9-83F3BADC9D32}.Release|Any CPU.Build.0 = Release|Any CPU
	EndGlobalSection
	GlobalSection(SolutionProperties) = preSolution
		HideSolutionNode = FALSE
	EndGlobalSection
	GlobalSection(ExtensibilityGlobals) = postSolution
		SolutionGuid = {D9A5851F-57F6-4422-95EC-787256F28119}
	EndGlobalSection
EndGlobal
