
Microsoft Visual Studio Solution File, Format Version 12.00
# Visual Studio Version 17
VisualStudioVersion = 17.1.32328.378
MinimumVisualStudioVersion = 10.0.40219.1
Project("{FAE04EC0-301F-11D3-BF4B-00C04F79EFBC}") = "969.Równanie kwadratowe", "969.Równanie kwadratowe.csproj", "{342BDA53-C4D5-4260-A52C-5A3359F1A960}"
EndProject
Global
	GlobalSection(SolutionConfigurationPlatforms) = preSolution
		Debug|Any CPU = Debug|Any CPU
		Release|Any CPU = Release|Any CPU
	EndGlobalSection
	GlobalSection(ProjectConfigurationPlatforms) = postSolution
		{342BDA53-C4D5-4260-A52C-5A3359F1A960}.Debug|Any CPU.ActiveCfg = Debug|Any CPU
		{342BDA53-C4D5-4260-A52C-5A3359F1A960}.Debug|Any CPU.Build.0 = Debug|Any CPU
		{342BDA53-C4D5-4260-A52C-5A3359F1A960}.Release|Any CPU.ActiveCfg = Release|Any CPU
		{342BDA53-C4D5-4260-A52C-5A3359F1A960}.Release|Any CPU.Build.0 = Release|Any CPU
	EndGlobalSection
	GlobalSection(SolutionProperties) = preSolution
		HideSolutionNode = FALSE
	EndGlobalSection
	GlobalSection(ExtensibilityGlobals) = postSolution
		SolutionGuid = {EC1D72CC-5900-48AD-9F28-8DC381BFF889}
	EndGlobalSection
EndGlobal
