
Microsoft Visual Studio Solution File, Format Version 12.00
# Visual Studio Version 17
VisualStudioVersion = 17.1.32328.378
MinimumVisualStudioVersion = 10.0.40219.1
Project("{FAE04EC0-301F-11D3-BF4B-00C04F79EFBC}") = "1300.Szyfr Cezara", "1300.Szyfr Cezara.csproj", "{FD3111DF-D9BA-4C03-A943-7C69EDBC7C5F}"
EndProject
Global
	GlobalSection(SolutionConfigurationPlatforms) = preSolution
		Debug|Any CPU = Debug|Any CPU
		Release|Any CPU = Release|Any CPU
	EndGlobalSection
	GlobalSection(ProjectConfigurationPlatforms) = postSolution
		{FD3111DF-D9BA-4C03-A943-7C69EDBC7C5F}.Debug|Any CPU.ActiveCfg = Debug|Any CPU
		{FD3111DF-D9BA-4C03-A943-7C69EDBC7C5F}.Debug|Any CPU.Build.0 = Debug|Any CPU
		{FD3111DF-D9BA-4C03-A943-7C69EDBC7C5F}.Release|Any CPU.ActiveCfg = Release|Any CPU
		{FD3111DF-D9BA-4C03-A943-7C69EDBC7C5F}.Release|Any CPU.Build.0 = Release|Any CPU
	EndGlobalSection
	GlobalSection(SolutionProperties) = preSolution
		HideSolutionNode = FALSE
	EndGlobalSection
	GlobalSection(ExtensibilityGlobals) = postSolution
		SolutionGuid = {F29FFF0A-A7EA-42A9-8757-7275EE442007}
	EndGlobalSection
EndGlobal
