
Microsoft Visual Studio Solution File, Format Version 12.00
# Visual Studio Version 17
VisualStudioVersion = 17.1.32328.378
MinimumVisualStudioVersion = 10.0.40219.1
Project("{FAE04EC0-301F-11D3-BF4B-00C04F79EFBC}") = "833.Dwumiany", "833.Dwumiany.csproj", "{65CD4521-B6BB-4B43-8913-CE54F41E4637}"
EndProject
Global
	GlobalSection(SolutionConfigurationPlatforms) = preSolution
		Debug|Any CPU = Debug|Any CPU
		Release|Any CPU = Release|Any CPU
	EndGlobalSection
	GlobalSection(ProjectConfigurationPlatforms) = postSolution
		{65CD4521-B6BB-4B43-8913-CE54F41E4637}.Debug|Any CPU.ActiveCfg = Debug|Any CPU
		{65CD4521-B6BB-4B43-8913-CE54F41E4637}.Debug|Any CPU.Build.0 = Debug|Any CPU
		{65CD4521-B6BB-4B43-8913-CE54F41E4637}.Release|Any CPU.ActiveCfg = Release|Any CPU
		{65CD4521-B6BB-4B43-8913-CE54F41E4637}.Release|Any CPU.Build.0 = Release|Any CPU
	EndGlobalSection
	GlobalSection(SolutionProperties) = preSolution
		HideSolutionNode = FALSE
	EndGlobalSection
	GlobalSection(ExtensibilityGlobals) = postSolution
		SolutionGuid = {86285084-BFF3-4F0B-A93B-2DFF5754384F}
	EndGlobalSection
EndGlobal
